# Hash-locked Linux x86_64 CPython 3.12 verifier environment.
# Install only on Ubuntu 24.04 / compatible manylinux x86_64 with Python 3.12.

annotated-types==0.8.0 \
    --hash=sha256:f072f4d804ea359e4eaf198b1af7a8b0943881a87f31bb764f8bf219bb9419e0
certifi==2026.7.22 \
    --hash=sha256:62f22742b58a1a33014a2b6b706588a8d7e2a88ae7bd1a6ebe8c992928483775
cffi==2.1.1 \
    --hash=sha256:c1453022f490d2459a11819d83ad1d586e9ff65a12ac3e705ffebd46d3685dcf
charset-normalizer==3.5.2 \
    --hash=sha256:3d31298449090ab8d47b7b1b2a555ff73cac7ed438a08b7ac160980c7ebed649
cryptography==50.0.2 \
    --hash=sha256:630ebfea3bf689d075f82316324ff7433dc447fe6bc1bfc76524b74b4a9567d2
dnspython==2.8.0 \
    --hash=sha256:01d9bbc4a2d76bf0db7c1f729812ded6d912bd318d3b1cf81d30c0f845dbf3af
email-validator==2.3.0 \
    --hash=sha256:80f13f623413e6b197ae73bb10bf4eb0908faf509ad8362c5edeb0be7fd450b4
id==1.6.1 \
    --hash=sha256:f5ec41ed2629a508f5d0988eda142e190c9c6da971100612c4de9ad9f9b237ca
idna==3.20 \
    --hash=sha256:ab7ae7122974553370f0bdb919e1a960b2cd1bc1ef0276416d896db81c14582c
markdown-it-py==4.2.0 \
    --hash=sha256:9f7ebbcd14fe59494226453aed97c1070d83f8d24b6fc3a3bcf9a38092641c4a
mdurl==0.1.2 \
    --hash=sha256:84008a41e51615a49fc9966191ff91509e3c40b939176e643fd50a5c2196b8f8
packaging==26.3 \
    --hash=sha256:d7193f7c8e4e93f444fde0262bf90af30e16fa0ad0ad44cb553c87339b23cd1c
platformdirs==4.12.3 \
    --hash=sha256:080f3b39423b5abfca9a23d84c4e9795f54d395cd8459867a8ded44084fcd5f8
pyasn1==0.6.4 \
    --hash=sha256:deda9277cfd454080ec40b207fb6df82206a3a2688735233cdcd8d3d565f088b
pycparser==3.0 \
    --hash=sha256:b727414169a36b7d524c1c3e31839a521725078d7b2ff038656844266160a992
PyYAML==6.0.3 \
    --hash=sha256:ba1cc08a7ccde2d2ec775841541641e4548226580ab850948cbfda66a1befcdc
pydantic==2.13.5 \
    --hash=sha256:346a034f080da3755d8e9cb5e00e8b07de1d39e4f6e2c87d8ab7cafa0b269a73
pydantic-core==2.46.5 \
    --hash=sha256:0fc5be0abd4a407e200d844b404e33639a554e7bd0d448e7b9ae181be4789ac2
pygments==2.21.0 \
    --hash=sha256:2363c69b61c4a97c838da3b130dcd6468f4848992b21a82f2a63ec34377137d9
pyjwt==2.15.1 \
    --hash=sha256:42d59d631f7768a1028a64c7ff581a9bf7519804daf91fc5b6c56e30eec5e193
pyopenssl==26.4.0 \
    --hash=sha256:f0eb0cb2d581d3ad2b9c489468485e7f2ab6727d08401bcf9d824c3caddf3c1c
pypi-attestations==0.0.30 \
    --hash=sha256:b3a9c53f6cb89e5e7b5b70e6cfca97cfc66008c1ed54087355e06e40071cef21
requests==2.34.2 \
    --hash=sha256:2a0d60c172f83ac6ab31e4554906c0f3b3588d37b5cb939b1c061f4907e278e0
rfc3161-client==1.0.9 \
    --hash=sha256:fac3f440a507555e684dc5daba75e33dc08f0f45fdefa48448f19001233a6b21
rfc3986==2.0.0 \
    --hash=sha256:50b1502b60e289cb37883f3dfd34532b8873c7de9f49bb546641ce9cbd256ebd
rfc8785==0.1.4 \
    --hash=sha256:520d690b448ecf0703691c76e1a34a24ddcd4fc5bc41d589cb7c58ec651bcd48
rich==15.0.0 \
    --hash=sha256:33bd4ef74232fb73fe9279a257718407f169c09b78a87ad3d296f548e27de0bb
securesystemslib==1.5.1 \
    --hash=sha256:ada8bdf817da29ece4ba91654f6a162ce7cfbadbc3ae3f840f7313f9d22675de
sigstore==4.5.0 \
    --hash=sha256:f045b207f2e12605cf775ec38e89c5eda625d71ffa7830477db65e47ec2bc8b2
sigstore-models==0.0.6 \
    --hash=sha256:5201a68f4d7d0f8bec1e2f4378eb646b084c52609a4e31db8c385095fff68b2e
sigstore-rekor-types==0.0.18 \
    --hash=sha256:b62bf38c5b1a62bc0d7fe0ee51a0709e49311d137c7880c329882a8f4b2d1d78
tuf==7.0.1 \
    --hash=sha256:d30434bda6e079ab303fb30d1b3006d939a10ca34783b1573d61cd9b802fa45c
typing-extensions==4.16.0 \
    --hash=sha256:481caa481374e813c1b176ada14e97f1f67a4539ce9cfeb3f350d78d6370c2e8
typing-inspection==0.4.4 \
    --hash=sha256:65b8397ba37ccbce054456aaccddfc91e6e3083c92824df348d96ca832f3f147
urllib3==2.8.0 \
    --hash=sha256:0cf3cae568d36aa9576b28dfb35f11328f1cb974ca7647d9475ebb86c75ac6e3
